// !$*UTF8*$!
{
	archiveVersion = 1;
	classes = {
	};
	objectVersion = 46;
	objects = {

/* Begin PBXBuildFile section */
		A52190F81C982559004DEC81 /* AVFoundation.framework in Frameworks */ = {isa = PBXBuildFile; fileRef = A52190F71C982559004DEC81 /* AVFoundation.framework */; };
		A52190FB1C9869CE004DEC81 /* BeaconLocationManager.m in Sources */ = {isa = PBXBuildFile; fileRef = A52190FA1C9869CE004DEC81 /* BeaconLocationManager.m */; };
		A52190FF1C9ABFE7004DEC81 /* HistoryTableViewCell.m in Sources */ = {isa = PBXBuildFile; fileRef = A52190FE1C9ABFE7004DEC81 /* HistoryTableViewCell.m */; };
		A52191021C9AC0E2004DEC81 /* HistoryViewController.m in Sources */ = {isa = PBXBuildFile; fileRef = A52191011C9AC0E2004DEC81 /* HistoryViewController.m */; };
		A54883A01CB5467400659468 /* HighlightableCellGrid.m in Sources */ = {isa = PBXBuildFile; fileRef = A548839F1CB5467400659468 /* HighlightableCellGrid.m */; };
		A54883A21CB64A1500659468 /* QuartzCore.framework in Frameworks */ = {isa = PBXBuildFile; fileRef = A54883A11CB64A1500659468 /* QuartzCore.framework */; };
		A54883A51CB64FBE00659468 /* CircleCellView.m in Sources */ = {isa = PBXBuildFile; fileRef = A54883A41CB64FBE00659468 /* CircleCellView.m */; };
		A5ED119F1C8F0B5E00108EC7 /* main.m in Sources */ = {isa = PBXBuildFile; fileRef = A5ED119E1C8F0B5E00108EC7 /* main.m */; };
		A5ED11A21C8F0B5E00108EC7 /* AppDelegate.m in Sources */ = {isa = PBXBuildFile; fileRef = A5ED11A11C8F0B5E00108EC7 /* AppDelegate.m */; };
		A5ED11A51C8F0B5E00108EC7 /* RootViewController.m in Sources */ = {isa = PBXBuildFile; fileRef = A5ED11A41C8F0B5E00108EC7 /* RootViewController.m */; };
		A5ED11AE1C8F0B5E00108EC7 /* Main.storyboard in Resources */ = {isa = PBXBuildFile; fileRef = A5ED11AC1C8F0B5E00108EC7 /* Main.storyboard */; };
		A5ED11B01C8F0B5E00108EC7 /* Assets.xcassets in Resources */ = {isa = PBXBuildFile; fileRef = A5ED11AF1C8F0B5E00108EC7 /* Assets.xcassets */; };
		A5ED11B31C8F0B5E00108EC7 /* LaunchScreen.storyboard in Resources */ = {isa = PBXBuildFile; fileRef = A5ED11B11C8F0B5E00108EC7 /* LaunchScreen.storyboard */; };
		A5ED11BC1C8F0CEA00108EC7 /* CoreBluetooth.framework in Frameworks */ = {isa = PBXBuildFile; fileRef = A5ED11BA1C8F0CEA00108EC7 /* CoreBluetooth.framework */; };
		A5ED11BD1C8F0CEA00108EC7 /* CoreLocation.framework in Frameworks */ = {isa = PBXBuildFile; fileRef = A5ED11BB1C8F0CEA00108EC7 /* CoreLocation.framework */; };
		B111F5A50DE428E8A619A869 /* libPods-BLEReceiver.a in Frameworks */ = {isa = PBXBuildFile; fileRef = 04D8014680EE23447C8907EF /* libPods-BLEReceiver.a */; };
		FDA192151CAA89B5001B2401 /* RegisterViewController.m in Sources */ = {isa = PBXBuildFile; fileRef = FDA192141CAA89B5001B2401 /* RegisterViewController.m */; };
		FDD9CBF71C997842009AFFDD /* UploadManager.m in Sources */ = {isa = PBXBuildFile; fileRef = FDD9CBF61C997842009AFFDD /* UploadManager.m */; };
		FDF8EE401C9ABCA000434AD5 /* CoreData.framework in Frameworks */ = {isa = PBXBuildFile; fileRef = FDF8EE3F1C9ABCA000434AD5 /* CoreData.framework */; };
		FDF8EE441C9ABD3E00434AD5 /* BLEReceiver.xcdatamodeld in Sources */ = {isa = PBXBuildFile; fileRef = FDF8EE421C9ABD3E00434AD5 /* BLEReceiver.xcdatamodeld */; };
		FDF8EE491C9ABF4500434AD5 /* DeviceLocation+CoreDataProperties.m in Sources */ = {isa = PBXBuildFile; fileRef = FDF8EE461C9ABF4500434AD5 /* DeviceLocation+CoreDataProperties.m */; };
		FDF8EE4A1C9ABF4500434AD5 /* DeviceLocation.m in Sources */ = {isa = PBXBuildFile; fileRef = FDF8EE481C9ABF4500434AD5 /* DeviceLocation.m */; };
/* End PBXBuildFile section */

/* Begin PBXFileReference section */
		04D8014680EE23447C8907EF /* libPods-BLEReceiver.a */ = {isa = PBXFileReference; explicitFileType = archive.ar; includeInIndex = 0; path = "libPods-BLEReceiver.a"; sourceTree = BUILT_PRODUCTS_DIR; };
		51C5AFE33F4F2675A73980F0 /* Pods-BLEReceiver.release.xcconfig */ = {isa = PBXFileReference; includeInIndex = 1; lastKnownFileType = text.xcconfig; name = "Pods-BLEReceiver.release.xcconfig"; path = "Pods/Target Support Files/Pods-BLEReceiver/Pods-BLEReceiver.release.xcconfig"; sourceTree = "<group>"; };
		A52190F71C982559004DEC81 /* AVFoundation.framework */ = {isa = PBXFileReference; lastKnownFileType = wrapper.framework; name = AVFoundation.framework; path = System/Library/Frameworks/AVFoundation.framework; sourceTree = SDKROOT; };
		A52190F91C9869CE004DEC81 /* BeaconLocationManager.h */ = {isa = PBXFileReference; fileEncoding = 4; lastKnownFileType = sourcecode.c.h; path = BeaconLocationManager.h; sourceTree = "<group>"; };
		A52190FA1C9869CE004DEC81 /* BeaconLocationManager.m */ = {isa = PBXFileReference; fileEncoding = 4; lastKnownFileType = sourcecode.c.objc; path = BeaconLocationManager.m; sourceTree = "<group>"; };
		A52190FD1C9ABFE7004DEC81 /* HistoryTableViewCell.h */ = {isa = PBXFileReference; fileEncoding = 4; lastKnownFileType = sourcecode.c.h; path = HistoryTableViewCell.h; sourceTree = "<group>"; };
		A52190FE1C9ABFE7004DEC81 /* HistoryTableViewCell.m */ = {isa = PBXFileReference; fileEncoding = 4; lastKnownFileType = sourcecode.c.objc; path = HistoryTableViewCell.m; sourceTree = "<group>"; };
		A52191001C9AC0E2004DEC81 /* HistoryViewController.h */ = {isa = PBXFileReference; fileEncoding = 4; lastKnownFileType = sourcecode.c.h; path = HistoryViewController.h; sourceTree = "<group>"; };
		A52191011C9AC0E2004DEC81 /* HistoryViewController.m */ = {isa = PBXFileReference; fileEncoding = 4; lastKnownFileType = sourcecode.c.objc; path = HistoryViewController.m; sourceTree = "<group>"; };
		A548839E1CB5467400659468 /* HighlightableCellGrid.h */ = {isa = PBXFileReference; fileEncoding = 4; lastKnownFileType = sourcecode.c.h; path = HighlightableCellGrid.h; sourceTree = "<group>"; };
		A548839F1CB5467400659468 /* HighlightableCellGrid.m */ = {isa = PBXFileReference; fileEncoding = 4; lastKnownFileType = sourcecode.c.objc; path = HighlightableCellGrid.m; sourceTree = "<group>"; };
		A54883A11CB64A1500659468 /* QuartzCore.framework */ = {isa = PBXFileReference; lastKnownFileType = wrapper.framework; name = QuartzCore.framework; path = System/Library/Frameworks/QuartzCore.framework; sourceTree = SDKROOT; };
		A54883A31CB64FBE00659468 /* CircleCellView.h */ = {isa = PBXFileReference; fileEncoding = 4; lastKnownFileType = sourcecode.c.h; path = CircleCellView.h; sourceTree = "<group>"; };
		A54883A41CB64FBE00659468 /* CircleCellView.m */ = {isa = PBXFileReference; fileEncoding = 4; lastKnownFileType = sourcecode.c.objc; path = CircleCellView.m; sourceTree = "<group>"; };
		A5ED119A1C8F0B5E00108EC7 /* VisitorPal.app */ = {isa = PBXFileReference; explicitFileType = wrapper.application; includeInIndex = 0; path = VisitorPal.app; sourceTree = BUILT_PRODUCTS_DIR; };
		A5ED119E1C8F0B5E00108EC7 /* main.m */ = {isa = PBXFileReference; lastKnownFileType = sourcecode.c.objc; path = main.m; sourceTree = "<group>"; };
		A5ED11A01C8F0B5E00108EC7 /* AppDelegate.h */ = {isa = PBXFileReference; lastKnownFileType = sourcecode.c.h; path = AppDelegate.h; sourceTree = "<group>"; };
		A5ED11A11C8F0B5E00108EC7 /* AppDelegate.m */ = {isa = PBXFileReference; lastKnownFileType = sourcecode.c.objc; path = AppDelegate.m; sourceTree = "<group>"; };
		A5ED11A31C8F0B5E00108EC7 /* RootViewController.h */ = {isa = PBXFileReference; lastKnownFileType = sourcecode.c.h; path = RootViewController.h; sourceTree = "<group>"; };
		A5ED11A41C8F0B5E00108EC7 /* RootViewController.m */ = {isa = PBXFileReference; lastKnownFileType = sourcecode.c.objc; path = RootViewController.m; sourceTree = "<group>"; };
		A5ED11AD1C8F0B5E00108EC7 /* Base */ = {isa = PBXFileReference; lastKnownFileType = file.storyboard; name = Base; path = Base.lproj/Main.storyboard; sourceTree = "<group>"; };
		A5ED11AF1C8F0B5E00108EC7 /* Assets.xcassets */ = {isa = PBXFileReference; lastKnownFileType = folder.assetcatalog; path = Assets.xcassets; sourceTree = "<group>"; };
		A5ED11B21C8F0B5E00108EC7 /* Base */ = {isa = PBXFileReference; lastKnownFileType = file.storyboard; name = Base; path = Base.lproj/LaunchScreen.storyboard; sourceTree = "<group>"; };
		A5ED11B41C8F0B5E00108EC7 /* Info.plist */ = {isa = PBXFileReference; lastKnownFileType = text.plist.xml; path = Info.plist; sourceTree = "<group>"; };
		A5ED11BA1C8F0CEA00108EC7 /* CoreBluetooth.framework */ = {isa = PBXFileReference; lastKnownFileType = wrapper.framework; name = CoreBluetooth.framework; path = System/Library/Frameworks/CoreBluetooth.framework; sourceTree = SDKROOT; };
		A5ED11BB1C8F0CEA00108EC7 /* CoreLocation.framework */ = {isa = PBXFileReference; lastKnownFileType = wrapper.framework; name = CoreLocation.framework; path = System/Library/Frameworks/CoreLocation.framework; sourceTree = SDKROOT; };
		ABF0782ABD9A1AD868807EFF /* Pods-BLEReceiver.debug.xcconfig */ = {isa = PBXFileReference; includeInIndex = 1; lastKnownFileType = text.xcconfig; name = "Pods-BLEReceiver.debug.xcconfig"; path = "Pods/Target Support Files/Pods-BLEReceiver/Pods-BLEReceiver.debug.xcconfig"; sourceTree = "<group>"; };
		FDA192131CAA89B5001B2401 /* RegisterViewController.h */ = {isa = PBXFileReference; fileEncoding = 4; lastKnownFileType = sourcecode.c.h; path = RegisterViewController.h; sourceTree = "<group>"; };
		FDA192141CAA89B5001B2401 /* RegisterViewController.m */ = {isa = PBXFileReference; fileEncoding = 4; lastKnownFileType = sourcecode.c.objc; path = RegisterViewController.m; sourceTree = "<group>"; };
		FDD9CBF51C997841009AFFDD /* UploadManager.h */ = {isa = PBXFileReference; fileEncoding = 4; lastKnownFileType = sourcecode.c.h; path = UploadManager.h; sourceTree = "<group>"; };
		FDD9CBF61C997842009AFFDD /* UploadManager.m */ = {isa = PBXFileReference; fileEncoding = 4; lastKnownFileType = sourcecode.c.objc; path = UploadManager.m; sourceTree = "<group>"; };
		FDF8EE3F1C9ABCA000434AD5 /* CoreData.framework */ = {isa = PBXFileReference; lastKnownFileType = wrapper.framework; name = CoreData.framework; path = System/Library/Frameworks/CoreData.framework; sourceTree = SDKROOT; };
		FDF8EE431C9ABD3E00434AD5 /* BLEReceiver.xcdatamodel */ = {isa = PBXFileReference; lastKnownFileType = wrapper.xcdatamodel; path = BLEReceiver.xcdatamodel; sourceTree = "<group>"; };
		FDF8EE451C9ABF4500434AD5 /* DeviceLocation+CoreDataProperties.h */ = {isa = PBXFileReference; fileEncoding = 4; lastKnownFileType = sourcecode.c.h; path = "DeviceLocation+CoreDataProperties.h"; sourceTree = "<group>"; };
		FDF8EE461C9ABF4500434AD5 /* DeviceLocation+CoreDataProperties.m */ = {isa = PBXFileReference; fileEncoding = 4; lastKnownFileType = sourcecode.c.objc; path = "DeviceLocation+CoreDataProperties.m"; sourceTree = "<group>"; };
		FDF8EE471C9ABF4500434AD5 /* DeviceLocation.h */ = {isa = PBXFileReference; fileEncoding = 4; lastKnownFileType = sourcecode.c.h; path = DeviceLocation.h; sourceTree = "<group>"; };
		FDF8EE481C9ABF4500434AD5 /* DeviceLocation.m */ = {isa = PBXFileReference; fileEncoding = 4; lastKnownFileType = sourcecode.c.objc; path = DeviceLocation.m; sourceTree = "<group>"; };
/* End PBXFileReference section */

/* Begin PBXFrameworksBuildPhase section */
		A5ED11971C8F0B5E00108EC7 /* Frameworks */ = {
			isa = PBXFrameworksBuildPhase;
			buildActionMask = 2147483647;
			files = (
				A54883A21CB64A1500659468 /* QuartzCore.framework in Frameworks */,
				FDF8EE401C9ABCA000434AD5 /* CoreData.framework in Frameworks */,
				A52190F81C982559004DEC81 /* AVFoundation.framework in Frameworks */,
				A5ED11BC1C8F0CEA00108EC7 /* CoreBluetooth.framework in Frameworks */,
				A5ED11BD1C8F0CEA00108EC7 /* CoreLocation.framework in Frameworks */,
				B111F5A50DE428E8A619A869 /* libPods-BLEReceiver.a in Frameworks */,
			);
			runOnlyForDeploymentPostprocessing = 0;
		};
/* End PBXFrameworksBuildPhase section */

/* Begin PBXGroup section */
		344A1CC91633E09AF83DA0D7 /* Frameworks */ = {
			isa = PBXGroup;
			children = (
				A54883A11CB64A1500659468 /* QuartzCore.framework */,
				FDF8EE3F1C9ABCA000434AD5 /* CoreData.framework */,
				04D8014680EE23447C8907EF /* libPods-BLEReceiver.a */,
			);
			name = Frameworks;
			sourceTree = "<group>";
		};
		74865B26AE09E6B2A238AB9D /* Pods */ = {
			isa = PBXGroup;
			children = (
				ABF0782ABD9A1AD868807EFF /* Pods-BLEReceiver.debug.xcconfig */,
				51C5AFE33F4F2675A73980F0 /* Pods-BLEReceiver.release.xcconfig */,
			);
			name = Pods;
			sourceTree = "<group>";
		};
		A52190FC1C9ABFBF004DEC81 /* UI */ = {
			isa = PBXGroup;
			children = (
				A52190FD1C9ABFE7004DEC81 /* HistoryTableViewCell.h */,
				A52190FE1C9ABFE7004DEC81 /* HistoryTableViewCell.m */,
				A548839E1CB5467400659468 /* HighlightableCellGrid.h */,
				A548839F1CB5467400659468 /* HighlightableCellGrid.m */,
				A54883A31CB64FBE00659468 /* CircleCellView.h */,
				A54883A41CB64FBE00659468 /* CircleCellView.m */,
			);
			name = UI;
			sourceTree = "<group>";
		};
		A52191031C9AD1BD004DEC81 /* Managers */ = {
			isa = PBXGroup;
			children = (
				A52190F91C9869CE004DEC81 /* BeaconLocationManager.h */,
				A52190FA1C9869CE004DEC81 /* BeaconLocationManager.m */,
				FDD9CBF51C997841009AFFDD /* UploadManager.h */,
				FDD9CBF61C997842009AFFDD /* UploadManager.m */,
			);
			name = Managers;
			sourceTree = "<group>";
		};
		A5ED11911C8F0B5E00108EC7 = {
			isa = PBXGroup;
			children = (
				A52190F71C982559004DEC81 /* AVFoundation.framework */,
				A5ED11BA1C8F0CEA00108EC7 /* CoreBluetooth.framework */,
				A5ED11BB1C8F0CEA00108EC7 /* CoreLocation.framework */,
				A5ED119C1C8F0B5E00108EC7 /* BLEReceiver */,
				A5ED119B1C8F0B5E00108EC7 /* Products */,
				74865B26AE09E6B2A238AB9D /* Pods */,
				344A1CC91633E09AF83DA0D7 /* Frameworks */,
			);
			sourceTree = "<group>";
		};
		A5ED119B1C8F0B5E00108EC7 /* Products */ = {
			isa = PBXGroup;
			children = (
				A5ED119A1C8F0B5E00108EC7 /* VisitorPal.app */,
			);
			name = Products;
			sourceTree = "<group>";
		};
		A5ED119C1C8F0B5E00108EC7 /* BLEReceiver */ = {
			isa = PBXGroup;
			children = (
				A52190FC1C9ABFBF004DEC81 /* UI */,
				FDF8EE411C9ABCDD00434AD5 /* CoreData */,
				A52191031C9AD1BD004DEC81 /* Managers */,
				A5ED11A01C8F0B5E00108EC7 /* AppDelegate.h */,
				A5ED11A11C8F0B5E00108EC7 /* AppDelegate.m */,
				A5ED11A31C8F0B5E00108EC7 /* RootViewController.h */,
				A5ED11A41C8F0B5E00108EC7 /* RootViewController.m */,
				A52191001C9AC0E2004DEC81 /* HistoryViewController.h */,
				A52191011C9AC0E2004DEC81 /* HistoryViewController.m */,
				FDA192131CAA89B5001B2401 /* RegisterViewController.h */,
				FDA192141CAA89B5001B2401 /* RegisterViewController.m */,
				A5ED11AC1C8F0B5E00108EC7 /* Main.storyboard */,
				A5ED11AF1C8F0B5E00108EC7 /* Assets.xcassets */,
				A5ED11B11C8F0B5E00108EC7 /* LaunchScreen.storyboard */,
				A5ED11B41C8F0B5E00108EC7 /* Info.plist */,
				A5ED119D1C8F0B5E00108EC7 /* Supporting Files */,
			);
			path = BLEReceiver;
			sourceTree = "<group>";
		};
		A5ED119D1C8F0B5E00108EC7 /* Supporting Files */ = {
			isa = PBXGroup;
			children = (
				A5ED119E1C8F0B5E00108EC7 /* main.m */,
			);
			name = "Supporting Files";
			sourceTree = "<group>";
		};
		FDF8EE411C9ABCDD00434AD5 /* CoreData */ = {
			isa = PBXGroup;
			children = (
				FDF8EE421C9ABD3E00434AD5 /* BLEReceiver.xcdatamodeld */,
				FDF8EE451C9ABF4500434AD5 /* DeviceLocation+CoreDataProperties.h */,
				FDF8EE461C9ABF4500434AD5 /* DeviceLocation+CoreDataProperties.m */,
				FDF8EE471C9ABF4500434AD5 /* DeviceLocation.h */,
				FDF8EE481C9ABF4500434AD5 /* DeviceLocation.m */,
			);
			name = CoreData;
			sourceTree = "<group>";
		};
/* End PBXGroup section */

/* Begin PBXNativeTarget section */
		A5ED11991C8F0B5E00108EC7 /* VisitorPal */ = {
			isa = PBXNativeTarget;
			buildConfigurationList = A5ED11B71C8F0B5E00108EC7 /* Build configuration list for PBXNativeTarget "VisitorPal" */;
			buildPhases = (
				1AC27BCC57C2F016C08BB5EE /* Check Pods Manifest.lock */,
				A5ED11961C8F0B5E00108EC7 /* Sources */,
				A5ED11971C8F0B5E00108EC7 /* Frameworks */,
				A5ED11981C8F0B5E00108EC7 /* Resources */,
				194DB7BB73D7DDFE078AFA81 /* Embed Pods Frameworks */,
				847F4D9B6B48EEB06E74119F /* Copy Pods Resources */,
			);
			buildRules = (
			);
			dependencies = (
			);
			name = VisitorPal;
			productName = BLEReceiver;
			productReference = A5ED119A1C8F0B5E00108EC7 /* VisitorPal.app */;
			productType = "com.apple.product-type.application";
		};
/* End PBXNativeTarget section */

/* Begin PBXProject section */
		A5ED11921C8F0B5E00108EC7 /* Project object */ = {
			isa = PBXProject;
			attributes = {
				LastUpgradeCheck = 0720;
				ORGANIZATIONNAME = Atos;
				TargetAttributes = {
					A5ED11991C8F0B5E00108EC7 = {
						CreatedOnToolsVersion = 7.2;
						DevelopmentTeam = 9WPUBDUDQ5;
						SystemCapabilities = {
							com.apple.BackgroundModes = {
								enabled = 1;
							};
						};
					};
				};
			};
			buildConfigurationList = A5ED11951C8F0B5E00108EC7 /* Build configuration list for PBXProject "BLEReceiver" */;
			compatibilityVersion = "Xcode 3.2";
			developmentRegion = English;
			hasScannedForEncodings = 0;
			knownRegions = (
				en,
				Base,
			);
			mainGroup = A5ED11911C8F0B5E00108EC7;
			productRefGroup = A5ED119B1C8F0B5E00108EC7 /* Products */;
			projectDirPath = "";
			projectRoot = "";
			targets = (
				A5ED11991C8F0B5E00108EC7 /* VisitorPal */,
			);
		};
/* End PBXProject section */

/* Begin PBXResourcesBuildPhase section */
		A5ED11981C8F0B5E00108EC7 /* Resources */ = {
			isa = PBXResourcesBuildPhase;
			buildActionMask = 2147483647;
			files = (
				A5ED11B31C8F0B5E00108EC7 /* LaunchScreen.storyboard in Resources */,
				A5ED11B01C8F0B5E00108EC7 /* Assets.xcassets in Resources */,
				A5ED11AE1C8F0B5E00108EC7 /* Main.storyboard in Resources */,
			);
			runOnlyForDeploymentPostprocessing = 0;
		};
/* End PBXResourcesBuildPhase section */

/* Begin PBXShellScriptBuildPhase section */
		194DB7BB73D7DDFE078AFA81 /* Embed Pods Frameworks */ = {
			isa = PBXShellScriptBuildPhase;
			buildActionMask = 2147483647;
			files = (
			);
			inputPaths = (
			);
			name = "Embed Pods Frameworks";
			outputPaths = (
			);
			runOnlyForDeploymentPostprocessing = 0;
			shellPath = /bin/sh;
			shellScript = "\"${SRCROOT}/Pods/Target Support Files/Pods-BLEReceiver/Pods-BLEReceiver-frameworks.sh\"\n";
			showEnvVarsInLog = 0;
		};
		1AC27BCC57C2F016C08BB5EE /* Check Pods Manifest.lock */ = {
			isa = PBXShellScriptBuildPhase;
			buildActionMask = 2147483647;
			files = (
			);
			inputPaths = (
			);
			name = "Check Pods Manifest.lock";
			outputPaths = (
			);
			runOnlyForDeploymentPostprocessing = 0;
			shellPath = /bin/sh;
			shellScript = "diff \"${PODS_ROOT}/../Podfile.lock\" \"${PODS_ROOT}/Manifest.lock\" > /dev/null\nif [[ $? != 0 ]] ; then\n    cat << EOM\nerror: The sandbox is not in sync with the Podfile.lock. Run 'pod install' or update your CocoaPods installation.\nEOM\n    exit 1\nfi\n";
			showEnvVarsInLog = 0;
		};
		847F4D9B6B48EEB06E74119F /* Copy Pods Resources */ = {
			isa = PBXShellScriptBuildPhase;
			buildActionMask = 2147483647;
			files = (
			);
			inputPaths = (
			);
			name = "Copy Pods Resources";
			outputPaths = (
			);
			runOnlyForDeploymentPostprocessing = 0;
			shellPath = /bin/sh;
			shellScript = "\"${SRCROOT}/Pods/Target Support Files/Pods-BLEReceiver/Pods-BLEReceiver-resources.sh\"\n";
			showEnvVarsInLog = 0;
		};
/* End PBXShellScriptBuildPhase section */

/* Begin PBXSourcesBuildPhase section */
		A5ED11961C8F0B5E00108EC7 /* Sources */ = {
			isa = PBXSourcesBuildPhase;
			buildActionMask = 2147483647;
			files = (
				FDA192151CAA89B5001B2401 /* RegisterViewController.m in Sources */,
				A5ED11A21C8F0B5E00108EC7 /* AppDelegate.m in Sources */,
				FDF8EE491C9ABF4500434AD5 /* DeviceLocation+CoreDataProperties.m in Sources */,
				A5ED119F1C8F0B5E00108EC7 /* main.m in Sources */,
				A52191021C9AC0E2004DEC81 /* HistoryViewController.m in Sources */,
				A52190FF1C9ABFE7004DEC81 /* HistoryTableViewCell.m in Sources */,
				A52190FB1C9869CE004DEC81 /* BeaconLocationManager.m in Sources */,
				FDF8EE4A1C9ABF4500434AD5 /* DeviceLocation.m in Sources */,
				A54883A01CB5467400659468 /* HighlightableCellGrid.m in Sources */,
				FDF8EE441C9ABD3E00434AD5 /* BLEReceiver.xcdatamodeld in Sources */,
				FDD9CBF71C997842009AFFDD /* UploadManager.m in Sources */,
				A54883A51CB64FBE00659468 /* CircleCellView.m in Sources */,
				A5ED11A51C8F0B5E00108EC7 /* RootViewController.m in Sources */,
			);
			runOnlyForDeploymentPostprocessing = 0;
		};
/* End PBXSourcesBuildPhase section */

/* Begin PBXVariantGroup section */
		A5ED11AC1C8F0B5E00108EC7 /* Main.storyboard */ = {
			isa = PBXVariantGroup;
			children = (
				A5ED11AD1C8F0B5E00108EC7 /* Base */,
			);
			name = Main.storyboard;
			sourceTree = "<group>";
		};
		A5ED11B11C8F0B5E00108EC7 /* LaunchScreen.storyboard */ = {
			isa = PBXVariantGroup;
			children = (
				A5ED11B21C8F0B5E00108EC7 /* Base */,
			);
			name = LaunchScreen.storyboard;
			sourceTree = "<group>";
		};
/* End PBXVariantGroup section */

/* Begin XCBuildConfiguration section */
		A5ED11B51C8F0B5E00108EC7 /* Debug */ = {
			isa = XCBuildConfiguration;
			buildSettings = {
				ALWAYS_SEARCH_USER_PATHS = NO;
				CLANG_CXX_LANGUAGE_STANDARD = "gnu++0x";
				CLANG_CXX_LIBRARY = "libc++";
				CLANG_ENABLE_MODULES = YES;
				CLANG_ENABLE_OBJC_ARC = YES;
				CLANG_WARN_BOOL_CONVERSION = YES;
				CLANG_WARN_CONSTANT_CONVERSION = YES;
				CLANG_WARN_DIRECT_OBJC_ISA_USAGE = YES_ERROR;
				CLANG_WARN_EMPTY_BODY = YES;
				CLANG_WARN_ENUM_CONVERSION = YES;
				CLANG_WARN_INT_CONVERSION = YES;
				CLANG_WARN_OBJC_ROOT_CLASS = YES_ERROR;
				CLANG_WARN_UNREACHABLE_CODE = YES;
				CLANG_WARN__DUPLICATE_METHOD_MATCH = YES;
				"CODE_SIGN_IDENTITY[sdk=iphoneos*]" = "iPhone Developer";
				COPY_PHASE_STRIP = NO;
				DEBUG_INFORMATION_FORMAT = dwarf;
				ENABLE_STRICT_OBJC_MSGSEND = YES;
				ENABLE_TESTABILITY = YES;
				GCC_C_LANGUAGE_STANDARD = gnu99;
				GCC_DYNAMIC_NO_PIC = NO;
				GCC_NO_COMMON_BLOCKS = YES;
				GCC_OPTIMIZATION_LEVEL = 0;
				GCC_PREPROCESSOR_DEFINITIONS = (
					"DEBUG=1",
					"$(inherited)",
				);
				GCC_WARN_64_TO_32_BIT_CONVERSION = YES;
				GCC_WARN_ABOUT_RETURN_TYPE = YES_ERROR;
				GCC_WARN_UNDECLARED_SELECTOR = YES;
				GCC_WARN_UNINITIALIZED_AUTOS = YES_AGGRESSIVE;
				GCC_WARN_UNUSED_FUNCTION = YES;
				GCC_WARN_UNUSED_VARIABLE = YES;
				IPHONEOS_DEPLOYMENT_TARGET = 9.2;
				MTL_ENABLE_DEBUG_INFO = YES;
				ONLY_ACTIVE_ARCH = YES;
				SDKROOT = iphoneos;
			};
			name = Debug;
		};
		A5ED11B61C8F0B5E00108EC7 /* Release */ = {
			isa = XCBuildConfiguration;
			buildSettings = {
				ALWAYS_SEARCH_USER_PATHS = NO;
				CLANG_CXX_LANGUAGE_STANDARD = "gnu++0x";
				CLANG_CXX_LIBRARY = "libc++";
				CLANG_ENABLE_MODULES = YES;
				CLANG_ENABLE_OBJC_ARC = YES;
				CLANG_WARN_BOOL_CONVERSION = YES;
				CLANG_WARN_CONSTANT_CONVERSION = YES;
				CLANG_WARN_DIRECT_OBJC_ISA_USAGE = YES_ERROR;
				CLANG_WARN_EMPTY_BODY = YES;
				CLANG_WARN_ENUM_CONVERSION = YES;
				CLANG_WARN_INT_CONVERSION = YES;
				CLANG_WARN_OBJC_ROOT_CLASS = YES_ERROR;
				CLANG_WARN_UNREACHABLE_CODE = YES;
				CLANG_WARN__DUPLICATE_METHOD_MATCH = YES;
				"CODE_SIGN_IDENTITY[sdk=iphoneos*]" = "iPhone Developer";
				COPY_PHASE_STRIP = NO;
				DEBUG_INFORMATION_FORMAT = "dwarf-with-dsym";
				ENABLE_NS_ASSERTIONS = NO;
				ENABLE_STRICT_OBJC_MSGSEND = YES;
				GCC_C_LANGUAGE_STANDARD = gnu99;
				GCC_NO_COMMON_BLOCKS = YES;
				GCC_WARN_64_TO_32_BIT_CONVERSION = YES;
				GCC_WARN_ABOUT_RETURN_TYPE = YES_ERROR;
				GCC_WARN_UNDECLARED_SELECTOR = YES;
				GCC_WARN_UNINITIALIZED_AUTOS = YES_AGGRESSIVE;
				GCC_WARN_UNUSED_FUNCTION = YES;
				GCC_WARN_UNUSED_VARIABLE = YES;
				IPHONEOS_DEPLOYMENT_TARGET = 9.2;
				MTL_ENABLE_DEBUG_INFO = NO;
				SDKROOT = iphoneos;
				VALIDATE_PRODUCT = YES;
			};
			name = Release;
		};
		A5ED11B81C8F0B5E00108EC7 /* Debug */ = {
			isa = XCBuildConfiguration;
			baseConfigurationReference = ABF0782ABD9A1AD868807EFF /* Pods-BLEReceiver.debug.xcconfig */;
			buildSettings = {
				ASSETCATALOG_COMPILER_APPICON_NAME = AppIcon;
				CODE_SIGN_IDENTITY = "iPhone Developer";
				"CODE_SIGN_IDENTITY[sdk=iphoneos*]" = "iPhone Developer";
				INFOPLIST_FILE = BLEReceiver/Info.plist;
				LD_RUNPATH_SEARCH_PATHS = "$(inherited) @executable_path/Frameworks";
				PRODUCT_BUNDLE_IDENTIFIER = net.atos.mobile.prototypes.BLEReceiver;
				PRODUCT_NAME = "$(TARGET_NAME)";
				PROVISIONING_PROFILE = "";
			};
			name = Debug;
		};
		A5ED11B91C8F0B5E00108EC7 /* Release */ = {
			isa = XCBuildConfiguration;
			baseConfigurationReference = 51C5AFE33F4F2675A73980F0 /* Pods-BLEReceiver.release.xcconfig */;
			buildSettings = {
				ASSETCATALOG_COMPILER_APPICON_NAME = AppIcon;
				CODE_SIGN_IDENTITY = "iPhone Developer";
				"CODE_SIGN_IDENTITY[sdk=iphoneos*]" = "iPhone Developer";
				INFOPLIST_FILE = BLEReceiver/Info.plist;
				LD_RUNPATH_SEARCH_PATHS = "$(inherited) @executable_path/Frameworks";
				PRODUCT_BUNDLE_IDENTIFIER = net.atos.mobile.prototypes.BLEReceiver;
				PRODUCT_NAME = "$(TARGET_NAME)";
				PROVISIONING_PROFILE = "";
			};
			name = Release;
		};
/* End XCBuildConfiguration section */

/* Begin XCConfigurationList section */
		A5ED11951C8F0B5E00108EC7 /* Build configuration list for PBXProject "BLEReceiver" */ = {
			isa = XCConfigurationList;
			buildConfigurations = (
				A5ED11B51C8F0B5E00108EC7 /* Debug */,
				A5ED11B61C8F0B5E00108EC7 /* Release */,
			);
			defaultConfigurationIsVisible = 0;
			defaultConfigurationName = Release;
		};
		A5ED11B71C8F0B5E00108EC7 /* Build configuration list for PBXNativeTarget "VisitorPal" */ = {
			isa = XCConfigurationList;
			buildConfigurations = (
				A5ED11B81C8F0B5E00108EC7 /* Debug */,
				A5ED11B91C8F0B5E00108EC7 /* Release */,
			);
			defaultConfigurationIsVisible = 0;
			defaultConfigurationName = Release;
		};
/* End XCConfigurationList section */

/* Begin XCVersionGroup section */
		FDF8EE421C9ABD3E00434AD5 /* BLEReceiver.xcdatamodeld */ = {
			isa = XCVersionGroup;
			children = (
				FDF8EE431C9ABD3E00434AD5 /* BLEReceiver.xcdatamodel */,
			);
			currentVersion = FDF8EE431C9ABD3E00434AD5 /* BLEReceiver.xcdatamodel */;
			path = BLEReceiver.xcdatamodeld;
			sourceTree = "<group>";
			versionGroupType = wrapper.xcdatamodel;
		};
/* End XCVersionGroup section */
	};
	rootObject = A5ED11921C8F0B5E00108EC7 /* Project object */;
}
